{
	"name": "solidifier",
	"version": "2.2.0",
	"lockfileVersion": 2,
	"requires": true,
	"packages": {
		"": {
			"version": "2.2.0",
			"license": "MIT",
			"dependencies": {
				"@solidity-parser/parser": "^0.12.1",
				"solidity-parser-antlr": "^0.3.0"
			}
		},
		"node_modules/@solidity-parser/parser": {
			"version": "0.12.1",
			"resolved": "https://registry.npmjs.org/@solidity-parser/parser/-/parser-0.12.1.tgz",
			"integrity": "sha512-ikxVpwskNxEp2fvYS1BdRImnevHmM97zdPFBa1cVtjtNpoqCm/EmljATTZk0s9G/zsN5ZbPf9OAIAW4gbBJiRA=="
		},
		"node_modules/solidity-parser-antlr": {
			"version": "0.3.3",
			"resolved": "https://registry.npmjs.org/solidity-parser-antlr/-/solidity-parser-antlr-0.3.3.tgz",
			"integrity": "sha512-RNUc18pjf7DLWs//WF+V+VnvrbetEbNFUYxm2JFbXU62G9WSu+nVyDxV5r+FG4wu8jom17vLdM/3I7bMBGfZ9g=="
		}
	},
	"dependencies": {
		"@solidity-parser/parser": {
			"version": "0.12.1",
			"resolved": "https://registry.npmjs.org/@solidity-parser/parser/-/parser-0.12.1.tgz",
			"integrity": "sha512-ikxVpwskNxEp2fvYS1BdRImnevHmM97zdPFBa1cVtjtNpoqCm/EmljATTZk0s9G/zsN5ZbPf9OAIAW4gbBJiRA=="
		},
		"solidity-parser-antlr": {
			"version": "0.3.3",
			"resolved": "https://registry.npmjs.org/solidity-parser-antlr/-/solidity-parser-antlr-0.3.3.tgz",
			"integrity": "sha512-RNUc18pjf7DLWs//WF+V+VnvrbetEbNFUYxm2JFbXU62G9WSu+nVyDxV5r+FG4wu8jom17vLdM/3I7bMBGfZ9g=="
		}
	}
}
